// !$*UTF8*$!
{
	archiveVersion = 1;
	classes = {
	};
	objectVersion = 46;
	objects = {

/* Begin PBXBuildFile section */
		034D6C1E1C9A26C700F249CE /* AppDelegate.swift in Sources */ = {isa = PBXBuildFile; fileRef = 034D6C1D1C9A26C700F249CE /* AppDelegate.swift */; };
		034D6C201C9A26C700F249CE /* ViewController.swift in Sources */ = {isa = PBXBuildFile; fileRef = 034D6C1F1C9A26C700F249CE /* ViewController.swift */; };
		034D6C231C9A26C700F249CE /* Main.storyboard in Resources */ = {isa = PBXBuildFile; fileRef = 034D6C211C9A26C700F249CE /* Main.storyboard */; };
		034D6C251C9A26C700F249CE /* Assets.xcassets in Resources */ = {isa = PBXBuildFile; fileRef = 034D6C241C9A26C700F249CE /* Assets.xcassets */; };
		034D6C281C9A26C700F249CE /* LaunchScreen.storyboard in Resources */ = {isa = PBXBuildFile; fileRef = 034D6C261C9A26C700F249CE /* LaunchScreen.storyboard */; };
/* End PBXBuildFile section */

/* Begin PBXFileReference section */
		034D6C1A1C9A26C700F249CE /* TareaHamburguesas.app */ = {isa = PBXFileReference; explicitFileType = wrapper.application; includeInIndex = 0; path = TareaHamburguesas.app; sourceTree = BUILT_PRODUCTS_DIR; };
		034D6C1D1C9A26C700F249CE /* AppDelegate.swift */ = {isa = PBXFileReference; lastKnownFileType = sourcecode.swift; path = AppDelegate.swift; sourceTree = "<group>"; };
		034D6C1F1C9A26C700F249CE /* ViewController.swift */ = {isa = PBXFileReference; lastKnownFileType = sourcecode.swift; path = ViewController.swift; sourceTree = "<group>"; };
		034D6C221C9A26C700F249CE /* Base */ = {isa = PBXFileReference; lastKnownFileType = file.storyboard; name = Base; path = Base.lproj/Main.storyboard; sourceTree = "<group>"; };
		034D6C241C9A26C700F249CE /* Assets.xcassets */ = {isa = PBXFileReference; lastKnownFileType = folder.assetcatalog; path = Assets.xcassets; sourceTree = "<group>"; };
		034D6C271C9A26C700F249CE /* Base */ = {isa = PBXFileReference; lastKnownFileType = file.storyboard; name = Base; path = Base.lproj/LaunchScreen.storyboard; sourceTree = "<group>"; };
		034D6C291C9A26C700F249CE /* Info.plist */ = {isa = PBXFileReference; lastKnownFileType = text.plist.xml; path = Info.plist; sourceTree = "<group>"; };
/* End PBXFileReference section */

/* Begin PBXFrameworksBuildPhase section */
		034D6C171C9A26C600F249CE /* Frameworks */ = {
			isa = PBXFrameworksBuildPhase;
			buildActionMask = 2147483647;
			files = (
			);
			runOnlyForDeploymentPostprocessing = 0;
		};
/* End PBXFrameworksBuildPhase section */

/* Begin PBXGroup section */
		034D6C111C9A26C600F249CE = {
			isa = PBXGroup;
			children = (
				034D6C1C1C9A26C700F249CE /* TareaHamburguesas */,
				034D6C1B1C9A26C700F249CE /* Products */,
			);
			sourceTree = "<group>";
		};
		034D6C1B1C9A26C700F249CE /* Products */ = {
			isa = PBXGroup;
			children = (
				034D6C1A1C9A26C700F249CE /* TareaHamburguesas.app */,
			);
			name = Products;
			sourceTree = "<group>";
		};
		034D6C1C1C9A26C700F249CE /* TareaHamburguesas */ = {
			isa = PBXGroup;
			children = (
				034D6C1D1C9A26C700F249CE /* AppDelegate.swift */,
				034D6C1F1C9A26C700F249CE /* ViewController.swift */,
				034D6C211C9A26C700F249CE /* Main.storyboard */,
				034D6C241C9A26C700F249CE /* Assets.xcassets */,
				034D6C261C9A26C700F249CE /* LaunchScreen.storyboard */,
				034D6C291C9A26C700F249CE /* Info.plist */,
			);
			path = TareaHamburguesas;
			sourceTree = "<group>";
		};
/* End PBXGroup section */

/* Begin PBXNativeTarget section */
		034D6C191C9A26C600F249CE /* TareaHamburguesas */ = {
			isa = PBXNativeTarget;
			buildConfigurationList = 034D6C2C1C9A26C700F249CE /* Build configuration list for PBXNativeTarget "TareaHamburguesas" */;
			buildPhases = (
				034D6C161C9A26C600F249CE /* Sources */,
				034D6C171C9A26C600F249CE /* Frameworks */,
				034D6C181C9A26C600F249CE /* Resources */,
			);
			buildRules = (
			);
			dependencies = (
			);
			name = TareaHamburguesas;
			productName = TareaHamburguesas;
			productReference = 034D6C1A1C9A26C700F249CE /* TareaHamburguesas.app */;
			productType = "com.apple.product-type.application";
		};
/* End PBXNativeTarget section */

/* Begin PBXProject section */
		034D6C121C9A26C600F249CE /* Project object */ = {
			isa = PBXProject;
			attributes = {
				LastSwiftUpdateCheck = 0730;
				LastUpgradeCheck = 0730;
				ORGANIZATIONNAME = "Nicolas Roman Toro";
				TargetAttributes = {
					034D6C191C9A26C600F249CE = {
						CreatedOnToolsVersion = 7.3;
					};
				};
			};
			buildConfigurationList = 034D6C151C9A26C600F249CE /* Build configuration list for PBXProject "TareaHamburguesas" */;
			compatibilityVersion = "Xcode 3.2";
			developmentRegion = English;
			hasScannedForEncodings = 0;
			knownRegions = (
				en,
				Base,
			);
			mainGroup = 034D6C111C9A26C600F249CE;
			productRefGroup = 034D6C1B1C9A26C700F249CE /* Products */;
			projectDirPath = "";
			projectRoot = "";
			targets = (
				034D6C191C9A26C600F249CE /* TareaHamburguesas */,
			);
		};
/* End PBXProject section */

/* Begin PBXResourcesBuildPhase section */
		034D6C181C9A26C600F249CE /* Resources */ = {
			isa = PBXResourcesBuildPhase;
			buildActionMask = 2147483647;
			files = (
				034D6C281C9A26C700F249CE /* LaunchScreen.storyboard in Resources */,
				034D6C251C9A26C700F249CE /* Assets.xcassets in Resources */,
				034D6C231C9A26C700F249CE /* Main.storyboard in Resources */,
			);
			runOnlyForDeploymentPostprocessing = 0;
		};
/* End PBXResourcesBuildPhase section */

/* Begin PBXSourcesBuildPhase section */
		034D6C161C9A26C600F249CE /* Sources */ = {
			isa = PBXSourcesBuildPhase;
			buildActionMask = 2147483647;
			files = (
				034D6C201C9A26C700F249CE /* ViewController.swift in Sources */,
				034D6C1E1C9A26C700F249CE /* AppDelegate.swift in Sources */,
			);
			runOnlyForDeploymentPostprocessing = 0;
		};
/* End PBXSourcesBuildPhase section */

/* Begin PBXVariantGroup section */
		034D6C211C9A26C700F249CE /* Main.storyboard */ = {
			isa = PBXVariantGroup;
			children = (
				034D6C221C9A26C700F249CE /* Base */,
			);
			name = Main.storyboard;
			sourceTree = "<group>";
		};
		034D6C261C9A26C700F249CE /* LaunchScreen.storyboard */ = {
			isa = PBXVariantGroup;
			children = (
				034D6C271C9A26C700F249CE /* Base */,
			);
			name = LaunchScreen.storyboard;
			sourceTree = "<group>";
		};
/* End PBXVariantGroup section */

/* Begin XCBuildConfiguration section */
		034D6C2A1C9A26C700F249CE /* Debug */ = {
			isa = XCBuildConfiguration;
			buildSettings = {
				ALWAYS_SEARCH_USER_PATHS = NO;
				CLANG_ANALYZER_NONNULL = YES;
				CLANG_CXX_LANGUAGE_STANDARD = "gnu++0x";
				CLANG_CXX_LIBRARY = "libc++";
				CLANG_ENABLE_MODULES = YES;
				CLANG_ENABLE_OBJC_ARC = YES;
				CLANG_WARN_BOOL_CONVERSION = YES;
				CLANG_WARN_CONSTANT_CONVERSION = YES;
				CLANG_WARN_DIRECT_OBJC_ISA_USAGE = YES_ERROR;
				CLANG_WARN_EMPTY_BODY = YES;
				CLANG_WARN_ENUM_CONVERSION = YES;
				CLANG_WARN_INT_CONVERSION = YES;
				CLANG_WARN_OBJC_ROOT_CLASS = YES_ERROR;
				CLANG_WARN_UNREACHABLE_CODE = YES;
				CLANG_WARN__DUPLICATE_METHOD_MATCH = YES;
				"CODE_SIGN_IDENTITY[sdk=iphoneos*]" = "iPhone Developer";
				COPY_PHASE_STRIP = NO;
				DEBUG_INFORMATION_FORMAT = dwarf;
				ENABLE_STRICT_OBJC_MSGSEND = YES;
				ENABLE_TESTABILITY = YES;
				GCC_C_LANGUAGE_STANDARD = gnu99;
				GCC_DYNAMIC_NO_PIC = NO;
				GCC_NO_COMMON_BLOCKS = YES;
				GCC_OPTIMIZATION_LEVEL = 0;
				GCC_PREPROCESSOR_DEFINITIONS = (
					"DEBUG=1",
					"$(inherited)",
				);
				GCC_WARN_64_TO_32_BIT_CONVERSION = YES;
				GCC_WARN_ABOUT_RETURN_TYPE = YES_ERROR;
				GCC_WARN_UNDECLARED_SELECTOR = YES;
				GCC_WARN_UNINITIALIZED_AUTOS = YES_AGGRESSIVE;
				GCC_WARN_UNUSED_FUNCTION = YES;
				GCC_WARN_UNUSED_VARIABLE = YES;
				IPHONEOS_DEPLOYMENT_TARGET = 9.3;
				MTL_ENABLE_DEBUG_INFO = YES;
				ONLY_ACTIVE_ARCH = YES;
				SDKROOT = iphoneos;
				SWIFT_OPTIMIZATION_LEVEL = "-Onone";
			};
			name = Debug;
		};
		034D6C2B1C9A26C700F249CE /* Release */ = {
			isa = XCBuildConfiguration;
			buildSettings = {
				ALWAYS_SEARCH_USER_PATHS = NO;
				CLANG_ANALYZER_NONNULL = YES;
				CLANG_CXX_LANGUAGE_STANDARD = "gnu++0x";
				CLANG_CXX_LIBRARY = "libc++";
				CLANG_ENABLE_MODULES = YES;
				CLANG_ENABLE_OBJC_ARC = YES;
				CLANG_WARN_BOOL_CONVERSION = YES;
				CLANG_WARN_CONSTANT_CONVERSION = YES;
				CLANG_WARN_DIRECT_OBJC_ISA_USAGE = YES_ERROR;
				CLANG_WARN_EMPTY_BODY = YES;
				CLANG_WARN_ENUM_CONVERSION = YES;
				CLANG_WARN_INT_CONVERSION = YES;
				CLANG_WARN_OBJC_ROOT_CLASS = YES_ERROR;
				CLANG_WARN_UNREACHABLE_CODE = YES;
				CLANG_WARN__DUPLICATE_METHOD_MATCH = YES;
				"CODE_SIGN_IDENTITY[sdk=iphoneos*]" = "iPhone Developer";
				COPY_PHASE_STRIP = NO;
				DEBUG_INFORMATION_FORMAT = "dwarf-with-dsym";
				ENABLE_NS_ASSERTIONS = NO;
				ENABLE_STRICT_OBJC_MSGSEND = YES;
				GCC_C_LANGUAGE_STANDARD = gnu99;
				GCC_NO_COMMON_BLOCKS = YES;
				GCC_WARN_64_TO_32_BIT_CONVERSION = YES;
				GCC_WARN_ABOUT_RETURN_TYPE = YES_ERROR;
				GCC_WARN_UNDECLARED_SELECTOR = YES;
				GCC_WARN_UNINITIALIZED_AUTOS = YES_AGGRESSIVE;
				GCC_WARN_UNUSED_FUNCTION = YES;
				GCC_WARN_UNUSED_VARIABLE = YES;
				IPHONEOS_DEPLOYMENT_TARGET = 9.3;
				MTL_ENABLE_DEBUG_INFO = NO;
				SDKROOT = iphoneos;
				VALIDATE_PRODUCT = YES;
			};
			name = Release;
		};
		034D6C2D1C9A26C700F249CE /* Debug */ = {
			isa = XCBuildConfiguration;
			buildSettings = {
				ASSETCATALOG_COMPILER_APPICON_NAME = AppIcon;
				INFOPLIST_FILE = TareaHamburguesas/Info.plist;
				LD_RUNPATH_SEARCH_PATHS = "$(inherited) @executable_path/Frameworks";
				PRODUCT_BUNDLE_IDENTIFIER = com.yourcompany.TareaHamburguesas;
				PRODUCT_NAME = "$(TARGET_NAME)";
			};
			name = Debug;
		};
		034D6C2E1C9A26C700F249CE /* Release */ = {
			isa = XCBuildConfiguration;
			buildSettings = {
				ASSETCATALOG_COMPILER_APPICON_NAME = AppIcon;
				INFOPLIST_FILE = TareaHamburguesas/Info.plist;
				LD_RUNPATH_SEARCH_PATHS = "$(inherited) @executable_path/Frameworks";
				PRODUCT_BUNDLE_IDENTIFIER = com.yourcompany.TareaHamburguesas;
				PRODUCT_NAME = "$(TARGET_NAME)";
			};
			name = Release;
		};
/* End XCBuildConfiguration section */

/* Begin XCConfigurationList section */
		034D6C151C9A26C600F249CE /* Build configuration list for PBXProject "TareaHamburguesas" */ = {
			isa = XCConfigurationList;
			buildConfigurations = (
				034D6C2A1C9A26C700F249CE /* Debug */,
				034D6C2B1C9A26C700F249CE /* Release */,
			);
			defaultConfigurationIsVisible = 0;
			defaultConfigurationName = Release;
		};
		034D6C2C1C9A26C700F249CE /* Build configuration list for PBXNativeTarget "TareaHamburguesas" */ = {
			isa = XCConfigurationList;
			buildConfigurations = (
				034D6C2D1C9A26C700F249CE /* Debug */,
				034D6C2E1C9A26C700F249CE /* Release */,
			);
			defaultConfigurationIsVisible = 0;
		};
/* End XCConfigurationList section */
	};
	rootObject = 034D6C121C9A26C600F249CE /* Project object */;
}
